Microsoft Visual Studio Solution File, Format Version 12.00
# Visual Studio Version 17
VisualStudioVersion = 17.0.31903.59
MinimumVisualStudioVersion = 10.0.40219.1
Project("{9A19103F-16F7-4668-BE54-9A1E7A4F7556}") = "WaterbusSystem.Domain", "src\WaterbusSystem.Domain\WaterbusSystem.Domain.csproj", "{B1E2140A-5A0A-46E5-B41E-9E86265B50A1}"
EndProject
Project("{9A19103F-16F7-4668-BE54-9A1E7A4F7556}") = "WaterbusSystem.Application", "src\WaterbusSystem.Application\WaterbusSystem.Application.csproj", "{C2F3251B-6B1B-47F6-C52F-AF97376C61B2}"
EndProject
Project("{9A19103F-16F7-4668-BE54-9A1E7A4F7556}") = "WaterbusSystem.Infrastructure", "src\WaterbusSystem.Infrastructure\WaterbusSystem.Infrastructure.csproj", "{D3A4362C-7C2C-4807-D63A-B0A8487D72C3}"
EndProject
Project("{9A19103F-16F7-4668-BE54-9A1E7A4F7556}") = "WaterbusSystem.WebApi", "src\WaterbusSystem.WebApi\WaterbusSystem.WebApi.csproj", "{E4B5473D-8D3D-4918-E74B-C1B9598E83D4}"
EndProject
Project("{9A19103F-16F7-4668-BE54-9A1E7A4F7556}") = "WaterbusSystem.UnitTests", "tests\WaterbusSystem.UnitTests\WaterbusSystem.UnitTests.csproj", "{F5C6584E-9E4E-4A29-F85C-D2CA6A9F94E5}"
EndProject
Global
	GlobalSection(SolutionConfigurationPlatforms) = preSolution
		Debug|Any CPU = Debug|Any CPU
		Release|Any CPU = Release|Any CPU
	EndGlobalSection
	GlobalSection(ProjectConfigurationPlatforms) = postSolution
		{B1E2140A-5A0A-46E5-B41E-9E86265B50A1}.Debug|Any CPU.ActiveCfg = Debug|Any CPU
		{B1E2140A-5A0A-46E5-B41E-9E86265B50A1}.Debug|Any CPU.Build.0 = Debug|Any CPU
		{B1E2140A-5A0A-46E5-B41E-9E86265B50A1}.Release|Any CPU.ActiveCfg = Release|Any CPU
		{B1E2140A-5A0A-46E5-B41E-9E86265B50A1}.Release|Any CPU.Build.0 = Release|Any CPU
		{C2F3251B-6B1B-47F6-C52F-AF97376C61B2}.Debug|Any CPU.ActiveCfg = Debug|Any CPU
		{C2F3251B-6B1B-47F6-C52F-AF97376C61B2}.Debug|Any CPU.Build.0 = Debug|Any CPU
		{C2F3251B-6B1B-47F6-C52F-AF97376C61B2}.Release|Any CPU.ActiveCfg = Release|Any CPU
		{C2F3251B-6B1B-47F6-C52F-AF97376C61B2}.Release|Any CPU.Build.0 = Release|Any CPU
		{D3A4362C-7C2C-4807-D63A-B0A8487D72C3}.Debug|Any CPU.ActiveCfg = Debug|Any CPU
		{D3A4362C-7C2C-4807-D63A-B0A8487D72C3}.Debug|Any CPU.Build.0 = Debug|Any CPU
		{D3A4362C-7C2C-4807-D63A-B0A8487D72C3}.Release|Any CPU.ActiveCfg = Release|Any CPU
		{D3A4362C-7C2C-4807-D63A-B0A8487D72C3}.Release|Any CPU.Build.0 = Release|Any CPU
		{E4B5473D-8D3D-4918-E74B-C1B9598E83D4}.Debug|Any CPU.ActiveCfg = Debug|Any CPU
		{E4B5473D-8D3D-4918-E74B-C1B9598E83D4}.Debug|Any CPU.Build.0 = Debug|Any CPU
		{E4B5473D-8D3D-4918-E74B-C1B9598E83D4}.Release|Any CPU.ActiveCfg = Release|Any CPU
		{E4B5473D-8D3D-4918-E74B-C1B9598E83D4}.Release|Any CPU.Build.0 = Release|Any CPU
		{F5C6584E-9E4E-4A29-F85C-D2CA6A9F94E5}.Debug|Any CPU.ActiveCfg = Debug|Any CPU
		{F5C6584E-9E4E-4A29-F85C-D2CA6A9F94E5}.Debug|Any CPU.Build.0 = Debug|Any CPU
		{F5C6584E-9E4E-4A29-F85C-D2CA6A9F94E5}.Release|Any CPU.ActiveCfg = Release|Any CPU
		{F5C6584E-9E4E-4A29-F85C-D2CA6A9F94E5}.Release|Any CPU.Build.0 = Release|Any CPU
	EndGlobalSection
	GlobalSection(SolutionProperties) = preSolution
		HideSolutionNode = FALSE
	EndGlobalSection
EndGlobal
